// !$*UTF8*$!
{
	archiveVersion = 1;
	classes = {
	};
	objectVersion = 55;
	objects = {

/* Begin PBXBuildFile section */
		325C981E27DC4EEA00B7F3A6 /* BuzzerManager.swift in Sources */ = {isa = PBXBuildFile; fileRef = 325C981C27DC4EE700B7F3A6 /* BuzzerManager.swift */; };
		325C982027DC4F9800B7F3A6 /* HelloMessage.swift in Sources */ = {isa = PBXBuildFile; fileRef = 325C981F27DC4F9800B7F3A6 /* HelloMessage.swift */; };
		325C982127DC4FBD00B7F3A6 /* HelloMessage.swift in Sources */ = {isa = PBXBuildFile; fileRef = 325C981F27DC4F9800B7F3A6 /* HelloMessage.swift */; };
		325C982527DC6D8300B7F3A6 /* MCConstants.swift in Sources */ = {isa = PBXBuildFile; fileRef = 325C982427DC6D8300B7F3A6 /* MCConstants.swift */; };
		325C982627DC6D8700B7F3A6 /* MCConstants.swift in Sources */ = {isa = PBXBuildFile; fileRef = 325C982427DC6D8300B7F3A6 /* MCConstants.swift */; };
		325C982927DC72DB00B7F3A6 /* BuzzerManager+MCSessionDelegate.swift in Sources */ = {isa = PBXBuildFile; fileRef = 325C982727DC72D700B7F3A6 /* BuzzerManager+MCSessionDelegate.swift */; };
		325C982B27DC742600B7F3A6 /* BuzzerManager+MCNearbyServiceAdvertiserDelegate.swift in Sources */ = {isa = PBXBuildFile; fileRef = 325C982A27DC742600B7F3A6 /* BuzzerManager+MCNearbyServiceAdvertiserDelegate.swift */; };
		325C982D27DC7CBA00B7F3A6 /* BuzzerManager+Networking.swift in Sources */ = {isa = PBXBuildFile; fileRef = 325C982C27DC7CBA00B7F3A6 /* BuzzerManager+Networking.swift */; };
		325C983327DC8E4900B7F3A6 /* UIApplication+KeyWindow.swift in Sources */ = {isa = PBXBuildFile; fileRef = 325C983127DC8E4400B7F3A6 /* UIApplication+KeyWindow.swift */; };
		325C983727DCB47400B7F3A6 /* GroupScore.swift in Sources */ = {isa = PBXBuildFile; fileRef = 325C983627DCB47400B7F3A6 /* GroupScore.swift */; };
		325C983A27DDA53C00B7F3A6 /* ClickerView.swift in Sources */ = {isa = PBXBuildFile; fileRef = 325C983927DDA53C00B7F3A6 /* ClickerView.swift */; };
		325C984127DDA85000B7F3A6 /* ClickerFlagMessage.swift in Sources */ = {isa = PBXBuildFile; fileRef = 325C984027DDA85000B7F3A6 /* ClickerFlagMessage.swift */; };
		325C984227DDA85000B7F3A6 /* ClickerFlagMessage.swift in Sources */ = {isa = PBXBuildFile; fileRef = 325C984027DDA85000B7F3A6 /* ClickerFlagMessage.swift */; };
		325C984427DDAD2E00B7F3A6 /* BouncyYJView.swift in Sources */ = {isa = PBXBuildFile; fileRef = 325C984327DDAD2E00B7F3A6 /* BouncyYJView.swift */; };
		325C984727DDADC600B7F3A6 /* BouncyYJ.swift in Sources */ = {isa = PBXBuildFile; fileRef = 325C984627DDADC600B7F3A6 /* BouncyYJ.swift */; };
		325C985027DDC59500B7F3A6 /* PictionaryView.swift in Sources */ = {isa = PBXBuildFile; fileRef = 325C984F27DDC59500B7F3A6 /* PictionaryView.swift */; };
		325C985627DDC76F00B7F3A6 /* CanvasView.swift in Sources */ = {isa = PBXBuildFile; fileRef = 325C985527DDC76F00B7F3A6 /* CanvasView.swift */; };
		325C985827DE4E8D00B7F3A6 /* CentralControlView.swift in Sources */ = {isa = PBXBuildFile; fileRef = 325C985727DE4E8D00B7F3A6 /* CentralControlView.swift */; };
		325C985A27DE4E9E00B7F3A6 /* GameControlView.swift in Sources */ = {isa = PBXBuildFile; fileRef = 325C985927DE4E9E00B7F3A6 /* GameControlView.swift */; };
		325C985D27DE51E900B7F3A6 /* CentralControlPointsView.swift in Sources */ = {isa = PBXBuildFile; fileRef = 325C985C27DE51E900B7F3A6 /* CentralControlPointsView.swift */; };
		325C985F27DE6EC400B7F3A6 /* TriviaQuestionView.swift in Sources */ = {isa = PBXBuildFile; fileRef = 325C985E27DE6EC400B7F3A6 /* TriviaQuestionView.swift */; };
		325C986327DE6F3000B7F3A6 /* TimerView.swift in Sources */ = {isa = PBXBuildFile; fileRef = 325C986227DE6F3000B7F3A6 /* TimerView.swift */; };
		325C986527DE720B00B7F3A6 /* TriviaManagerView.swift in Sources */ = {isa = PBXBuildFile; fileRef = 325C986427DE720B00B7F3A6 /* TriviaManagerView.swift */; };
		325C986A27DE812E00B7F3A6 /* ClickerView.swift in Sources */ = {isa = PBXBuildFile; fileRef = 325C986927DE812E00B7F3A6 /* ClickerView.swift */; };
		325C986C27DEB49B00B7F3A6 /* Team.swift in Sources */ = {isa = PBXBuildFile; fileRef = 325C986B27DEB49B00B7F3A6 /* Team.swift */; };
		325C986F27DEC43000B7F3A6 /* TriviaControlView.swift in Sources */ = {isa = PBXBuildFile; fileRef = 325C986E27DEC43000B7F3A6 /* TriviaControlView.swift */; };
		325C987127DEC46400B7F3A6 /* ClickerControlView.swift in Sources */ = {isa = PBXBuildFile; fileRef = 325C987027DEC46400B7F3A6 /* ClickerControlView.swift */; };
		325C987427DF014A00B7F3A6 /* SketchMessage.swift in Sources */ = {isa = PBXBuildFile; fileRef = 325C987327DF014A00B7F3A6 /* SketchMessage.swift */; };
		325C987527DF016900B7F3A6 /* SketchMessage.swift in Sources */ = {isa = PBXBuildFile; fileRef = 325C987327DF014A00B7F3A6 /* SketchMessage.swift */; };
		325C987727DF022800B7F3A6 /* SketchGuessMessage.swift in Sources */ = {isa = PBXBuildFile; fileRef = 325C987627DF022800B7F3A6 /* SketchGuessMessage.swift */; };
		325C987827DF022800B7F3A6 /* SketchGuessMessage.swift in Sources */ = {isa = PBXBuildFile; fileRef = 325C987627DF022800B7F3A6 /* SketchGuessMessage.swift */; };
		325C987A27DF062000B7F3A6 /* SketchesControlView.swift in Sources */ = {isa = PBXBuildFile; fileRef = 325C987927DF062000B7F3A6 /* SketchesControlView.swift */; };
		325C987C27DF062600B7F3A6 /* BriefingControlView.swift in Sources */ = {isa = PBXBuildFile; fileRef = 325C987B27DF062600B7F3A6 /* BriefingControlView.swift */; };
		329F49BC27D8D38F004C2D84 /* CommunicationManager.swift in Sources */ = {isa = PBXBuildFile; fileRef = 329F49BB27D8D38F004C2D84 /* CommunicationManager.swift */; };
		329F49C127D8F3FC004C2D84 /* SetupView.swift in Sources */ = {isa = PBXBuildFile; fileRef = 329F49C027D8F3FC004C2D84 /* SetupView.swift */; };
		329F49C827D9083B004C2D84 /* GameState.swift in Sources */ = {isa = PBXBuildFile; fileRef = 329F49C727D9083B004C2D84 /* GameState.swift */; };
		329F49CA27D90C3C004C2D84 /* Group.swift in Sources */ = {isa = PBXBuildFile; fileRef = 329F49C927D90C3C004C2D84 /* Group.swift */; };
		329F49CB27D90C44004C2D84 /* Group.swift in Sources */ = {isa = PBXBuildFile; fileRef = 329F49C927D90C3C004C2D84 /* Group.swift */; };
		329F49CD27D90C64004C2D84 /* Group+GroupData.swift in Sources */ = {isa = PBXBuildFile; fileRef = 329F49CC27D90C64004C2D84 /* Group+GroupData.swift */; };
		329F49CE27D90CD5004C2D84 /* Group+GroupData.swift in Sources */ = {isa = PBXBuildFile; fileRef = 329F49CC27D90C64004C2D84 /* Group+GroupData.swift */; };
		329F49D027D91210004C2D84 /* GameManagerView.swift in Sources */ = {isa = PBXBuildFile; fileRef = 329F49CF27D91210004C2D84 /* GameManagerView.swift */; };
		329F49D727D917A6004C2D84 /* TriviaManagerView.swift in Sources */ = {isa = PBXBuildFile; fileRef = 329F49D627D917A6004C2D84 /* TriviaManagerView.swift */; };
		329F49DA27D91E57004C2D84 /* CommandMessage.swift in Sources */ = {isa = PBXBuildFile; fileRef = 329F49D927D91E57004C2D84 /* CommandMessage.swift */; };
		329F49DC27D9209F004C2D84 /* Messagable+CodableUtils.swift in Sources */ = {isa = PBXBuildFile; fileRef = 329F49DB27D9209F004C2D84 /* Messagable+CodableUtils.swift */; };
		329F49DD27D920A5004C2D84 /* Messagable+CodableUtils.swift in Sources */ = {isa = PBXBuildFile; fileRef = 329F49DB27D9209F004C2D84 /* Messagable+CodableUtils.swift */; };
		329F49DE27D920AD004C2D84 /* CommandMessage.swift in Sources */ = {isa = PBXBuildFile; fileRef = 329F49D927D91E57004C2D84 /* CommandMessage.swift */; };
		329F49DF27D920E9004C2D84 /* GameState.swift in Sources */ = {isa = PBXBuildFile; fileRef = 329F49C727D9083B004C2D84 /* GameState.swift */; };
		329F49E627D9F4B6004C2D84 /* LeaderboardView.swift in Sources */ = {isa = PBXBuildFile; fileRef = 329F49E427D9F445004C2D84 /* LeaderboardView.swift */; };
		329F49E827D9F507004C2D84 /* GameView.swift in Sources */ = {isa = PBXBuildFile; fileRef = 329F49E727D9F507004C2D84 /* GameView.swift */; };
		32C11A7027D7955000561F2B /* Buzzer_Pro_MaxApp.swift in Sources */ = {isa = PBXBuildFile; fileRef = 32C11A6027D7954F00561F2B /* Buzzer_Pro_MaxApp.swift */; };
		32C11A7227D7955000561F2B /* HoldingView.swift in Sources */ = {isa = PBXBuildFile; fileRef = 32C11A6127D7954F00561F2B /* HoldingView.swift */; };
		32C11A7427D7955000561F2B /* Assets.xcassets in Resources */ = {isa = PBXBuildFile; fileRef = 32C11A6227D7955000561F2B /* Assets.xcassets */; };
		32C11A7527D7955000561F2B /* Assets.xcassets in Resources */ = {isa = PBXBuildFile; fileRef = 32C11A6227D7955000561F2B /* Assets.xcassets */; };
		32C11A8027D79B4D00561F2B /* AdminPanelView.swift in Sources */ = {isa = PBXBuildFile; fileRef = 32C11A7F27D79B4D00561F2B /* AdminPanelView.swift */; };
		32C11A8627D7A10800561F2B /* TriviaQuestion.swift in Sources */ = {isa = PBXBuildFile; fileRef = 32C11A8527D7A10800561F2B /* TriviaQuestion.swift */; };
		32C11A9C27D7A4D600561F2B /* Buzzer_Pro_MaxApp.swift in Sources */ = {isa = PBXBuildFile; fileRef = 32C11A9B27D7A4D600561F2B /* Buzzer_Pro_MaxApp.swift */; };
		32C11A9D27D83A1900561F2B /* TriviaView.swift in Sources */ = {isa = PBXBuildFile; fileRef = 32C11A8127D79DAB00561F2B /* TriviaView.swift */; };
		32C11A9F27D83B5800561F2B /* FlagView.swift in Sources */ = {isa = PBXBuildFile; fileRef = 32C11A9E27D83B5800561F2B /* FlagView.swift */; };
		32C11AA027D83DD700561F2B /* FlagView.swift in Sources */ = {isa = PBXBuildFile; fileRef = 32C11A9E27D83B5800561F2B /* FlagView.swift */; };
		32C11AA227D854E000561F2B /* TriviaQuestion.swift in Sources */ = {isa = PBXBuildFile; fileRef = 32C11A8527D7A10800561F2B /* TriviaQuestion.swift */; };
		32C11AA427D8564700561F2B /* Messagable.swift in Sources */ = {isa = PBXBuildFile; fileRef = 32C11AA327D8564700561F2B /* Messagable.swift */; };
		32C11AA527D8564700561F2B /* Messagable.swift in Sources */ = {isa = PBXBuildFile; fileRef = 32C11AA327D8564700561F2B /* Messagable.swift */; };
		32C11AAB27D85F9A00561F2B /* TriviaMessage.swift in Sources */ = {isa = PBXBuildFile; fileRef = 32C11AAA27D85F9A00561F2B /* TriviaMessage.swift */; };
		32C11AAC27D85F9A00561F2B /* TriviaMessage.swift in Sources */ = {isa = PBXBuildFile; fileRef = 32C11AAA27D85F9A00561F2B /* TriviaMessage.swift */; };
		32C11AAE27D860FD00561F2B /* iPadMessage.swift in Sources */ = {isa = PBXBuildFile; fileRef = 32C11AAD27D860FD00561F2B /* iPadMessage.swift */; };
		32C11AAF27D860FD00561F2B /* iPadMessage.swift in Sources */ = {isa = PBXBuildFile; fileRef = 32C11AAD27D860FD00561F2B /* iPadMessage.swift */; };
		32C11AB127D8610700561F2B /* Sender.swift in Sources */ = {isa = PBXBuildFile; fileRef = 32C11AB027D8610700561F2B /* Sender.swift */; };
		32C11AB227D8610700561F2B /* Sender.swift in Sources */ = {isa = PBXBuildFile; fileRef = 32C11AB027D8610700561F2B /* Sender.swift */; };
/* End PBXBuildFile section */

/* Begin PBXFileReference section */
		325C981C27DC4EE700B7F3A6 /* BuzzerManager.swift */ = {isa = PBXFileReference; lastKnownFileType = sourcecode.swift; path = BuzzerManager.swift; sourceTree = "<group>"; };
		325C981F27DC4F9800B7F3A6 /* HelloMessage.swift */ = {isa = PBXFileReference; lastKnownFileType = sourcecode.swift; path = HelloMessage.swift; sourceTree = "<group>"; };
		325C982227DC63B200B7F3A6 /* Buzzer Pro Max (iOS).entitlements */ = {isa = PBXFileReference; lastKnownFileType = text.plist.entitlements; path = "Buzzer Pro Max (iOS).entitlements"; sourceTree = "<group>"; };
		325C982427DC6D8300B7F3A6 /* MCConstants.swift */ = {isa = PBXFileReference; lastKnownFileType = sourcecode.swift; path = MCConstants.swift; sourceTree = "<group>"; };
		325C982727DC72D700B7F3A6 /* BuzzerManager+MCSessionDelegate.swift */ = {isa = PBXFileReference; lastKnownFileType = sourcecode.swift; path = "BuzzerManager+MCSessionDelegate.swift"; sourceTree = "<group>"; };
		325C982A27DC742600B7F3A6 /* BuzzerManager+MCNearbyServiceAdvertiserDelegate.swift */ = {isa = PBXFileReference; lastKnownFileType = sourcecode.swift; path = "BuzzerManager+MCNearbyServiceAdvertiserDelegate.swift"; sourceTree = "<group>"; };
		325C982C27DC7CBA00B7F3A6 /* BuzzerManager+Networking.swift */ = {isa = PBXFileReference; lastKnownFileType = sourcecode.swift; path = "BuzzerManager+Networking.swift"; sourceTree = "<group>"; };
		325C983127DC8E4400B7F3A6 /* UIApplication+KeyWindow.swift */ = {isa = PBXFileReference; lastKnownFileType = sourcecode.swift; path = "UIApplication+KeyWindow.swift"; sourceTree = "<group>"; };
		325C983627DCB47400B7F3A6 /* GroupScore.swift */ = {isa = PBXFileReference; lastKnownFileType = sourcecode.swift; path = GroupScore.swift; sourceTree = "<group>"; };
		325C983927DDA53C00B7F3A6 /* ClickerView.swift */ = {isa = PBXFileReference; lastKnownFileType = sourcecode.swift; path = ClickerView.swift; sourceTree = "<group>"; };
		325C984027DDA85000B7F3A6 /* ClickerFlagMessage.swift */ = {isa = PBXFileReference; lastKnownFileType = sourcecode.swift; path = ClickerFlagMessage.swift; sourceTree = "<group>"; };
		325C984327DDAD2E00B7F3A6 /* BouncyYJView.swift */ = {isa = PBXFileReference; lastKnownFileType = sourcecode.swift; path = BouncyYJView.swift; sourceTree = "<group>"; };
		325C984627DDADC600B7F3A6 /* BouncyYJ.swift */ = {isa = PBXFileReference; lastKnownFileType = sourcecode.swift; path = BouncyYJ.swift; sourceTree = "<group>"; };
		325C984F27DDC59500B7F3A6 /* PictionaryView.swift */ = {isa = PBXFileReference; lastKnownFileType = sourcecode.swift; path = PictionaryView.swift; sourceTree = "<group>"; };
		325C985527DDC76F00B7F3A6 /* CanvasView.swift */ = {isa = PBXFileReference; lastKnownFileType = sourcecode.swift; path = CanvasView.swift; sourceTree = "<group>"; };
		325C985727DE4E8D00B7F3A6 /* CentralControlView.swift */ = {isa = PBXFileReference; lastKnownFileType = sourcecode.swift; path = CentralControlView.swift; sourceTree = "<group>"; };
		325C985927DE4E9E00B7F3A6 /* GameControlView.swift */ = {isa = PBXFileReference; lastKnownFileType = sourcecode.swift; path = GameControlView.swift; sourceTree = "<group>"; };
		325C985C27DE51E900B7F3A6 /* CentralControlPointsView.swift */ = {isa = PBXFileReference; lastKnownFileType = sourcecode.swift; path = CentralControlPointsView.swift; sourceTree = "<group>"; };
		325C985E27DE6EC400B7F3A6 /* TriviaQuestionView.swift */ = {isa = PBXFileReference; lastKnownFileType = sourcecode.swift; path = TriviaQuestionView.swift; sourceTree = "<group>"; };
		325C986227DE6F3000B7F3A6 /* TimerView.swift */ = {isa = PBXFileReference; lastKnownFileType = sourcecode.swift; path = TimerView.swift; sourceTree = "<group>"; };
		325C986427DE720B00B7F3A6 /* TriviaManagerView.swift */ = {isa = PBXFileReference; lastKnownFileType = sourcecode.swift; path = TriviaManagerView.swift; sourceTree = "<group>"; };
		325C986927DE812E00B7F3A6 /* ClickerView.swift */ = {isa = PBXFileReference; lastKnownFileType = sourcecode.swift; path = ClickerView.swift; sourceTree = "<group>"; };
		325C986B27DEB49B00B7F3A6 /* Team.swift */ = {isa = PBXFileReference; lastKnownFileType = sourcecode.swift; path = Team.swift; sourceTree = "<group>"; };
		325C986E27DEC43000B7F3A6 /* TriviaControlView.swift */ = {isa = PBXFileReference; lastKnownFileType = sourcecode.swift; path = TriviaControlView.swift; sourceTree = "<group>"; };
		325C987027DEC46400B7F3A6 /* ClickerControlView.swift */ = {isa = PBXFileReference; lastKnownFileType = sourcecode.swift; path = ClickerControlView.swift; sourceTree = "<group>"; };
		325C987327DF014A00B7F3A6 /* SketchMessage.swift */ = {isa = PBXFileReference; lastKnownFileType = sourcecode.swift; path = SketchMessage.swift; sourceTree = "<group>"; };
		325C987627DF022800B7F3A6 /* SketchGuessMessage.swift */ = {isa = PBXFileReference; lastKnownFileType = sourcecode.swift; path = SketchGuessMessage.swift; sourceTree = "<group>"; };
		325C987927DF062000B7F3A6 /* SketchesControlView.swift */ = {isa = PBXFileReference; lastKnownFileType = sourcecode.swift; path = SketchesControlView.swift; sourceTree = "<group>"; };
		325C987B27DF062600B7F3A6 /* BriefingControlView.swift */ = {isa = PBXFileReference; lastKnownFileType = sourcecode.swift; path = BriefingControlView.swift; sourceTree = "<group>"; };
		329F49BB27D8D38F004C2D84 /* CommunicationManager.swift */ = {isa = PBXFileReference; lastKnownFileType = sourcecode.swift; path = CommunicationManager.swift; sourceTree = "<group>"; };
		329F49BE27D8F26C004C2D84 /* Buzzer-Pro-Max-iOS-Info.plist */ = {isa = PBXFileReference; lastKnownFileType = text.plist.xml; path = "Buzzer-Pro-Max-iOS-Info.plist"; sourceTree = "<group>"; };
		329F49C027D8F3FC004C2D84 /* SetupView.swift */ = {isa = PBXFileReference; lastKnownFileType = sourcecode.swift; path = SetupView.swift; sourceTree = "<group>"; };
		329F49C727D9083B004C2D84 /* GameState.swift */ = {isa = PBXFileReference; lastKnownFileType = sourcecode.swift; path = GameState.swift; sourceTree = "<group>"; };
		329F49C927D90C3C004C2D84 /* Group.swift */ = {isa = PBXFileReference; lastKnownFileType = sourcecode.swift; path = Group.swift; sourceTree = "<group>"; };
		329F49CC27D90C64004C2D84 /* Group+GroupData.swift */ = {isa = PBXFileReference; lastKnownFileType = sourcecode.swift; path = "Group+GroupData.swift"; sourceTree = "<group>"; };
		329F49CF27D91210004C2D84 /* GameManagerView.swift */ = {isa = PBXFileReference; lastKnownFileType = sourcecode.swift; path = GameManagerView.swift; sourceTree = "<group>"; };
		329F49D627D917A6004C2D84 /* TriviaManagerView.swift */ = {isa = PBXFileReference; lastKnownFileType = sourcecode.swift; path = TriviaManagerView.swift; sourceTree = "<group>"; };
		329F49D927D91E57004C2D84 /* CommandMessage.swift */ = {isa = PBXFileReference; lastKnownFileType = sourcecode.swift; path = CommandMessage.swift; sourceTree = "<group>"; };
		329F49DB27D9209F004C2D84 /* Messagable+CodableUtils.swift */ = {isa = PBXFileReference; lastKnownFileType = sourcecode.swift; path = "Messagable+CodableUtils.swift"; sourceTree = "<group>"; };
		329F49E327D9F3D8004C2D84 /* Buzzer-Pro-Max-macOS-Info.plist */ = {isa = PBXFileReference; lastKnownFileType = text.plist.xml; path = "Buzzer-Pro-Max-macOS-Info.plist"; sourceTree = "<group>"; };
		329F49E427D9F445004C2D84 /* LeaderboardView.swift */ = {isa = PBXFileReference; lastKnownFileType = sourcecode.swift; path = LeaderboardView.swift; sourceTree = "<group>"; };
		329F49E727D9F507004C2D84 /* GameView.swift */ = {isa = PBXFileReference; lastKnownFileType = sourcecode.swift; path = GameView.swift; sourceTree = "<group>"; };
		32C11A6027D7954F00561F2B /* Buzzer_Pro_MaxApp.swift */ = {isa = PBXFileReference; lastKnownFileType = sourcecode.swift; path = Buzzer_Pro_MaxApp.swift; sourceTree = "<group>"; };
		32C11A6127D7954F00561F2B /* HoldingView.swift */ = {isa = PBXFileReference; lastKnownFileType = sourcecode.swift; path = HoldingView.swift; sourceTree = "<group>"; };
		32C11A6227D7955000561F2B /* Assets.xcassets */ = {isa = PBXFileReference; lastKnownFileType = folder.assetcatalog; path = Assets.xcassets; sourceTree = "<group>"; };
		32C11A6727D7955000561F2B /* Buzzer Pro Max.app */ = {isa = PBXFileReference; explicitFileType = wrapper.application; includeInIndex = 0; path = "Buzzer Pro Max.app"; sourceTree = BUILT_PRODUCTS_DIR; };
		32C11A6D27D7955000561F2B /* Buzzer Pro Max.app */ = {isa = PBXFileReference; explicitFileType = wrapper.application; includeInIndex = 0; path = "Buzzer Pro Max.app"; sourceTree = BUILT_PRODUCTS_DIR; };
		32C11A6F27D7955000561F2B /* macOS.entitlements */ = {isa = PBXFileReference; lastKnownFileType = text.plist.entitlements; path = macOS.entitlements; sourceTree = "<group>"; };
		32C11A7F27D79B4D00561F2B /* AdminPanelView.swift */ = {isa = PBXFileReference; lastKnownFileType = sourcecode.swift; path = AdminPanelView.swift; sourceTree = "<group>"; };
		32C11A8127D79DAB00561F2B /* TriviaView.swift */ = {isa = PBXFileReference; lastKnownFileType = sourcecode.swift; path = TriviaView.swift; sourceTree = "<group>"; };
		32C11A8527D7A10800561F2B /* TriviaQuestion.swift */ = {isa = PBXFileReference; lastKnownFileType = sourcecode.swift; path = TriviaQuestion.swift; sourceTree = "<group>"; };
		32C11A9B27D7A4D600561F2B /* Buzzer_Pro_MaxApp.swift */ = {isa = PBXFileReference; lastKnownFileType = sourcecode.swift; path = Buzzer_Pro_MaxApp.swift; sourceTree = "<group>"; };
		32C11A9E27D83B5800561F2B /* FlagView.swift */ = {isa = PBXFileReference; lastKnownFileType = sourcecode.swift; path = FlagView.swift; sourceTree = "<group>"; };
		32C11AA327D8564700561F2B /* Messagable.swift */ = {isa = PBXFileReference; lastKnownFileType = sourcecode.swift; path = Messagable.swift; sourceTree = "<group>"; };
		32C11AAA27D85F9A00561F2B /* TriviaMessage.swift */ = {isa = PBXFileReference; lastKnownFileType = sourcecode.swift; path = TriviaMessage.swift; sourceTree = "<group>"; };
		32C11AAD27D860FD00561F2B /* iPadMessage.swift */ = {isa = PBXFileReference; lastKnownFileType = sourcecode.swift; path = iPadMessage.swift; sourceTree = "<group>"; };
		32C11AB027D8610700561F2B /* Sender.swift */ = {isa = PBXFileReference; lastKnownFileType = sourcecode.swift; path = Sender.swift; sourceTree = "<group>"; };
/* End PBXFileReference section */

/* Begin PBXFrameworksBuildPhase section */
		32C11A6427D7955000561F2B /* Frameworks */ = {
			isa = PBXFrameworksBuildPhase;
			buildActionMask = 2147483647;
			files = (
			);
			runOnlyForDeploymentPostprocessing = 0;
		};
		32C11A6A27D7955000561F2B /* Frameworks */ = {
			isa = PBXFrameworksBuildPhase;
			buildActionMask = 2147483647;
			files = (
			);
			runOnlyForDeploymentPostprocessing = 0;
		};
/* End PBXFrameworksBuildPhase section */

/* Begin PBXGroup section */
		325C981B27DC4EDE00B7F3A6 /* View Models */ = {
			isa = PBXGroup;
			children = (
				325C982F27DC7E6400B7F3A6 /* Buzzer Manager */,
			);
			path = "View Models";
			sourceTree = "<group>";
		};
		325C982327DC6D6E00B7F3A6 /* Constants */ = {
			isa = PBXGroup;
			children = (
				325C982427DC6D8300B7F3A6 /* MCConstants.swift */,
			);
			path = Constants;
			sourceTree = "<group>";
		};
		325C982E27DC7E4A00B7F3A6 /* MC Setup */ = {
			isa = PBXGroup;
			children = (
				325C982C27DC7CBA00B7F3A6 /* BuzzerManager+Networking.swift */,
				325C982727DC72D700B7F3A6 /* BuzzerManager+MCSessionDelegate.swift */,
				325C982A27DC742600B7F3A6 /* BuzzerManager+MCNearbyServiceAdvertiserDelegate.swift */,
			);
			path = "MC Setup";
			sourceTree = "<group>";
		};
		325C982F27DC7E6400B7F3A6 /* Buzzer Manager */ = {
			isa = PBXGroup;
			children = (
				325C981C27DC4EE700B7F3A6 /* BuzzerManager.swift */,
				325C982E27DC7E4A00B7F3A6 /* MC Setup */,
			);
			path = "Buzzer Manager";
			sourceTree = "<group>";
		};
		325C983027DC8E3900B7F3A6 /* Helper Methods */ = {
			isa = PBXGroup;
			children = (
				325C983127DC8E4400B7F3A6 /* UIApplication+KeyWindow.swift */,
			);
			path = "Helper Methods";
			sourceTree = "<group>";
		};
		325C983527DCB46B00B7F3A6 /* Models */ = {
			isa = PBXGroup;
			children = (
				325C983627DCB47400B7F3A6 /* GroupScore.swift */,
				325C986B27DEB49B00B7F3A6 /* Team.swift */,
			);
			path = Models;
			sourceTree = "<group>";
		};
		325C983827DDA50F00B7F3A6 /* Clicker */ = {
			isa = PBXGroup;
			children = (
				325C983927DDA53C00B7F3A6 /* ClickerView.swift */,
				325C984927DDBC3D00B7F3A6 /* Bouncy YJ */,
			);
			path = Clicker;
			sourceTree = "<group>";
		};
		325C983B27DDA82200B7F3A6 /* Messagable */ = {
			isa = PBXGroup;
			children = (
				32C11AA327D8564700561F2B /* Messagable.swift */,
				329F49DB27D9209F004C2D84 /* Messagable+CodableUtils.swift */,
				32C11AB027D8610700561F2B /* Sender.swift */,
			);
			path = Messagable;
			sourceTree = "<group>";
		};
		325C983C27DDA82C00B7F3A6 /* Mac Messages */ = {
			isa = PBXGroup;
			children = (
				325C981F27DC4F9800B7F3A6 /* HelloMessage.swift */,
				329F49D927D91E57004C2D84 /* CommandMessage.swift */,
			);
			path = "Mac Messages";
			sourceTree = "<group>";
		};
		325C983D27DDA83300B7F3A6 /* iPad Messages */ = {
			isa = PBXGroup;
			children = (
				32C11AAD27D860FD00561F2B /* iPadMessage.swift */,
				32C11AAA27D85F9A00561F2B /* TriviaMessage.swift */,
				325C984027DDA85000B7F3A6 /* ClickerFlagMessage.swift */,
				325C987327DF014A00B7F3A6 /* SketchMessage.swift */,
				325C987627DF022800B7F3A6 /* SketchGuessMessage.swift */,
			);
			path = "iPad Messages";
			sourceTree = "<group>";
		};
		325C984927DDBC3D00B7F3A6 /* Bouncy YJ */ = {
			isa = PBXGroup;
			children = (
				325C984327DDAD2E00B7F3A6 /* BouncyYJView.swift */,
				325C984627DDADC600B7F3A6 /* BouncyYJ.swift */,
			);
			path = "Bouncy YJ";
			sourceTree = "<group>";
		};
		325C984E27DDC56000B7F3A6 /* Pictionary */ = {
			isa = PBXGroup;
			children = (
				325C984F27DDC59500B7F3A6 /* PictionaryView.swift */,
				325C985527DDC76F00B7F3A6 /* CanvasView.swift */,
			);
			path = Pictionary;
			sourceTree = "<group>";
		};
		325C985B27DE4F1C00B7F3A6 /* Admin Window */ = {
			isa = PBXGroup;
			children = (
				32C11A7F27D79B4D00561F2B /* AdminPanelView.swift */,
				325C986727DE7AB600B7F3A6 /* Central Control */,
				325C986D27DEC42500B7F3A6 /* Game Control */,
			);
			path = "Admin Window";
			sourceTree = "<group>";
		};
		325C986027DE6EC800B7F3A6 /* Trivia */ = {
			isa = PBXGroup;
			children = (
				325C986427DE720B00B7F3A6 /* TriviaManagerView.swift */,
				325C985E27DE6EC400B7F3A6 /* TriviaQuestionView.swift */,
			);
			path = Trivia;
			sourceTree = "<group>";
		};
		325C986127DE6ECE00B7F3A6 /* Game Window */ = {
			isa = PBXGroup;
			children = (
				329F49E727D9F507004C2D84 /* GameView.swift */,
				325C986027DE6EC800B7F3A6 /* Trivia */,
				325C986827DE812000B7F3A6 /* Clicker */,
				325C987227DF006B00B7F3A6 /* Sketches */,
				325C986627DE721900B7F3A6 /* Shared Views */,
			);
			path = "Game Window";
			sourceTree = "<group>";
		};
		325C986627DE721900B7F3A6 /* Shared Views */ = {
			isa = PBXGroup;
			children = (
				325C986227DE6F3000B7F3A6 /* TimerView.swift */,
			);
			path = "Shared Views";
			sourceTree = "<group>";
		};
		325C986727DE7AB600B7F3A6 /* Central Control */ = {
			isa = PBXGroup;
			children = (
				325C985727DE4E8D00B7F3A6 /* CentralControlView.swift */,
				325C985C27DE51E900B7F3A6 /* CentralControlPointsView.swift */,
			);
			path = "Central Control";
			sourceTree = "<group>";
		};
		325C986827DE812000B7F3A6 /* Clicker */ = {
			isa = PBXGroup;
			children = (
				325C986927DE812E00B7F3A6 /* ClickerView.swift */,
			);
			path = Clicker;
			sourceTree = "<group>";
		};
		325C986D27DEC42500B7F3A6 /* Game Control */ = {
			isa = PBXGroup;
			children = (
				325C985927DE4E9E00B7F3A6 /* GameControlView.swift */,
				325C987B27DF062600B7F3A6 /* BriefingControlView.swift */,
				325C986E27DEC43000B7F3A6 /* TriviaControlView.swift */,
				325C987027DEC46400B7F3A6 /* ClickerControlView.swift */,
				325C987927DF062000B7F3A6 /* SketchesControlView.swift */,
			);
			path = "Game Control";
			sourceTree = "<group>";
		};
		325C987227DF006B00B7F3A6 /* Sketches */ = {
			isa = PBXGroup;
			children = (
			);
			path = Sketches;
			sourceTree = "<group>";
		};
		329F49BD27D8EBF8004C2D84 /* Views */ = {
			isa = PBXGroup;
			children = (
				32C11A6127D7954F00561F2B /* HoldingView.swift */,
				329F49C027D8F3FC004C2D84 /* SetupView.swift */,
				329F49D127D91215004C2D84 /* Game Views */,
			);
			path = Views;
			sourceTree = "<group>";
		};
		329F49BF27D8F2BD004C2D84 /* View Models */ = {
			isa = PBXGroup;
			children = (
				329F49BB27D8D38F004C2D84 /* CommunicationManager.swift */,
			);
			path = "View Models";
			sourceTree = "<group>";
		};
		329F49D127D91215004C2D84 /* Game Views */ = {
			isa = PBXGroup;
			children = (
				329F49CF27D91210004C2D84 /* GameManagerView.swift */,
				329F49D827D917AE004C2D84 /* Trivia */,
				325C983827DDA50F00B7F3A6 /* Clicker */,
				325C984E27DDC56000B7F3A6 /* Pictionary */,
			);
			path = "Game Views";
			sourceTree = "<group>";
		};
		329F49D227D912A9004C2D84 /* Group Information */ = {
			isa = PBXGroup;
			children = (
				329F49C927D90C3C004C2D84 /* Group.swift */,
				329F49CC27D90C64004C2D84 /* Group+GroupData.swift */,
			);
			path = "Group Information";
			sourceTree = "<group>";
		};
		329F49D327D912AF004C2D84 /* Game Information */ = {
			isa = PBXGroup;
			children = (
				32C11A8527D7A10800561F2B /* TriviaQuestion.swift */,
				329F49C727D9083B004C2D84 /* GameState.swift */,
			);
			path = "Game Information";
			sourceTree = "<group>";
		};
		329F49D827D917AE004C2D84 /* Trivia */ = {
			isa = PBXGroup;
			children = (
				329F49D627D917A6004C2D84 /* TriviaManagerView.swift */,
				32C11A8127D79DAB00561F2B /* TriviaView.swift */,
			);
			path = Trivia;
			sourceTree = "<group>";
		};
		329F49E927D9F6EA004C2D84 /* Views */ = {
			isa = PBXGroup;
			children = (
				329F49E427D9F445004C2D84 /* LeaderboardView.swift */,
				325C985B27DE4F1C00B7F3A6 /* Admin Window */,
				325C986127DE6ECE00B7F3A6 /* Game Window */,
			);
			path = Views;
			sourceTree = "<group>";
		};
		32C11A5A27D7954F00561F2B = {
			isa = PBXGroup;
			children = (
				325C982227DC63B200B7F3A6 /* Buzzer Pro Max (iOS).entitlements */,
				329F49E327D9F3D8004C2D84 /* Buzzer-Pro-Max-macOS-Info.plist */,
				329F49BE27D8F26C004C2D84 /* Buzzer-Pro-Max-iOS-Info.plist */,
				32C11A5F27D7954F00561F2B /* Shared */,
				32C11A7E27D7958600561F2B /* iOS */,
				32C11A6E27D7955000561F2B /* macOS */,
				32C11A6827D7955000561F2B /* Products */,
			);
			sourceTree = "<group>";
		};
		32C11A5F27D7954F00561F2B /* Shared */ = {
			isa = PBXGroup;
			children = (
				32C11A6227D7955000561F2B /* Assets.xcassets */,
				325C982327DC6D6E00B7F3A6 /* Constants */,
				32C11AA127D8442200561F2B /* Views */,
				32C11A9A27D7A49900561F2B /* Models */,
			);
			path = Shared;
			sourceTree = "<group>";
		};
		32C11A6827D7955000561F2B /* Products */ = {
			isa = PBXGroup;
			children = (
				32C11A6727D7955000561F2B /* Buzzer Pro Max.app */,
				32C11A6D27D7955000561F2B /* Buzzer Pro Max.app */,
			);
			name = Products;
			sourceTree = "<group>";
		};
		32C11A6E27D7955000561F2B /* macOS */ = {
			isa = PBXGroup;
			children = (
				32C11A9B27D7A4D600561F2B /* Buzzer_Pro_MaxApp.swift */,
				32C11A6F27D7955000561F2B /* macOS.entitlements */,
				325C983527DCB46B00B7F3A6 /* Models */,
				325C981B27DC4EDE00B7F3A6 /* View Models */,
				329F49E927D9F6EA004C2D84 /* Views */,
			);
			path = macOS;
			sourceTree = "<group>";
		};
		32C11A7E27D7958600561F2B /* iOS */ = {
			isa = PBXGroup;
			children = (
				32C11A6027D7954F00561F2B /* Buzzer_Pro_MaxApp.swift */,
				329F49BD27D8EBF8004C2D84 /* Views */,
				329F49BF27D8F2BD004C2D84 /* View Models */,
				325C983027DC8E3900B7F3A6 /* Helper Methods */,
			);
			path = iOS;
			sourceTree = "<group>";
		};
		32C11A9A27D7A49900561F2B /* Models */ = {
			isa = PBXGroup;
			children = (
				329F49D327D912AF004C2D84 /* Game Information */,
				329F49D227D912A9004C2D84 /* Group Information */,
				32C11AA927D85F8400561F2B /* Communication */,
			);
			path = Models;
			sourceTree = "<group>";
		};
		32C11AA127D8442200561F2B /* Views */ = {
			isa = PBXGroup;
			children = (
				32C11A9E27D83B5800561F2B /* FlagView.swift */,
			);
			path = Views;
			sourceTree = "<group>";
		};
		32C11AA927D85F8400561F2B /* Communication */ = {
			isa = PBXGroup;
			children = (
				325C983B27DDA82200B7F3A6 /* Messagable */,
				325C983D27DDA83300B7F3A6 /* iPad Messages */,
				325C983C27DDA82C00B7F3A6 /* Mac Messages */,
			);
			path = Communication;
			sourceTree = "<group>";
		};
/* End PBXGroup section */

/* Begin PBXNativeTarget section */
		32C11A6627D7955000561F2B /* Buzzer Pro Max (iOS) */ = {
			isa = PBXNativeTarget;
			buildConfigurationList = 32C11A7827D7955000561F2B /* Build configuration list for PBXNativeTarget "Buzzer Pro Max (iOS)" */;
			buildPhases = (
				32C11A6327D7955000561F2B /* Sources */,
				32C11A6427D7955000561F2B /* Frameworks */,
				32C11A6527D7955000561F2B /* Resources */,
				329F49C427D8F8A9004C2D84 /* SwiftLint */,
			);
			buildRules = (
			);
			dependencies = (
			);
			name = "Buzzer Pro Max (iOS)";
			productName = "Buzzer Pro Max (iOS)";
			productReference = 32C11A6727D7955000561F2B /* Buzzer Pro Max.app */;
			productType = "com.apple.product-type.application";
		};
		32C11A6C27D7955000561F2B /* Buzzer Pro Max (macOS) */ = {
			isa = PBXNativeTarget;
			buildConfigurationList = 32C11A7B27D7955000561F2B /* Build configuration list for PBXNativeTarget "Buzzer Pro Max (macOS)" */;
			buildPhases = (
				32C11A6927D7955000561F2B /* Sources */,
				32C11A6A27D7955000561F2B /* Frameworks */,
				32C11A6B27D7955000561F2B /* Resources */,
				325C983427DCAEB000B7F3A6 /* SwiftLint */,
			);
			buildRules = (
			);
			dependencies = (
			);
			name = "Buzzer Pro Max (macOS)";
			productName = "Buzzer Pro Max (macOS)";
			productReference = 32C11A6D27D7955000561F2B /* Buzzer Pro Max.app */;
			productType = "com.apple.product-type.application";
		};
/* End PBXNativeTarget section */

/* Begin PBXProject section */
		32C11A5B27D7954F00561F2B /* Project object */ = {
			isa = PBXProject;
			attributes = {
				BuildIndependentTargetsInParallel = 1;
				LastSwiftUpdateCheck = 1330;
				LastUpgradeCheck = 1330;
				TargetAttributes = {
					32C11A6627D7955000561F2B = {
						CreatedOnToolsVersion = 13.3;
					};
					32C11A6C27D7955000561F2B = {
						CreatedOnToolsVersion = 13.3;
					};
				};
			};
			buildConfigurationList = 32C11A5E27D7954F00561F2B /* Build configuration list for PBXProject "Buzzer Pro Max" */;
			compatibilityVersion = "Xcode 13.0";
			developmentRegion = en;
			hasScannedForEncodings = 0;
			knownRegions = (
				en,
				Base,
			);
			mainGroup = 32C11A5A27D7954F00561F2B;
			productRefGroup = 32C11A6827D7955000561F2B /* Products */;
			projectDirPath = "";
			projectRoot = "";
			targets = (
				32C11A6627D7955000561F2B /* Buzzer Pro Max (iOS) */,
				32C11A6C27D7955000561F2B /* Buzzer Pro Max (macOS) */,
			);
		};
/* End PBXProject section */

/* Begin PBXResourcesBuildPhase section */
		32C11A6527D7955000561F2B /* Resources */ = {
			isa = PBXResourcesBuildPhase;
			buildActionMask = 2147483647;
			files = (
				32C11A7427D7955000561F2B /* Assets.xcassets in Resources */,
			);
			runOnlyForDeploymentPostprocessing = 0;
		};
		32C11A6B27D7955000561F2B /* Resources */ = {
			isa = PBXResourcesBuildPhase;
			buildActionMask = 2147483647;
			files = (
				32C11A7527D7955000561F2B /* Assets.xcassets in Resources */,
			);
			runOnlyForDeploymentPostprocessing = 0;
		};
/* End PBXResourcesBuildPhase section */

/* Begin PBXShellScriptBuildPhase section */
		325C983427DCAEB000B7F3A6 /* SwiftLint */ = {
			isa = PBXShellScriptBuildPhase;
			buildActionMask = 2147483647;
			files = (
			);
			inputFileListPaths = (
			);
			inputPaths = (
			);
			name = SwiftLint;
			outputFileListPaths = (
			);
			outputPaths = (
			);
			runOnlyForDeploymentPostprocessing = 0;
			shellPath = /bin/sh;
			shellScript = "export PATH=\"$PATH:/opt/homebrew/bin\"\n\nif which swiftlint >/dev/null; then\n  swiftlint\nelse\n  echo \"warning: SwiftLint not installed, download from https://github.com/realm/SwiftLint\"\nfi\n";
		};
		329F49C427D8F8A9004C2D84 /* SwiftLint */ = {
			isa = PBXShellScriptBuildPhase;
			buildActionMask = 2147483647;
			files = (
			);
			inputFileListPaths = (
			);
			inputPaths = (
			);
			name = SwiftLint;
			outputFileListPaths = (
			);
			outputPaths = (
			);
			runOnlyForDeploymentPostprocessing = 0;
			shellPath = /bin/sh;
			shellScript = "export PATH=\"$PATH:/opt/homebrew/bin\"\n\nif which swiftlint >/dev/null; then\n  swiftlint\nelse\n  echo \"warning: SwiftLint not installed, download from https://github.com/realm/SwiftLint\"\nfi\n";
		};
/* End PBXShellScriptBuildPhase section */

/* Begin PBXSourcesBuildPhase section */
		32C11A6327D7955000561F2B /* Sources */ = {
			isa = PBXSourcesBuildPhase;
			buildActionMask = 2147483647;
			files = (
				325C987727DF022800B7F3A6 /* SketchGuessMessage.swift in Sources */,
				325C984727DDADC600B7F3A6 /* BouncyYJ.swift in Sources */,
				325C987527DF016900B7F3A6 /* SketchMessage.swift in Sources */,
				329F49BC27D8D38F004C2D84 /* CommunicationManager.swift in Sources */,
				32C11AA227D854E000561F2B /* TriviaQuestion.swift in Sources */,
				325C985027DDC59500B7F3A6 /* PictionaryView.swift in Sources */,
				32C11A7227D7955000561F2B /* HoldingView.swift in Sources */,
				32C11A9D27D83A1900561F2B /* TriviaView.swift in Sources */,
				329F49C127D8F3FC004C2D84 /* SetupView.swift in Sources */,
				32C11AA427D8564700561F2B /* Messagable.swift in Sources */,
				329F49DC27D9209F004C2D84 /* Messagable+CodableUtils.swift in Sources */,
				329F49CA27D90C3C004C2D84 /* Group.swift in Sources */,
				329F49D727D917A6004C2D84 /* TriviaManagerView.swift in Sources */,
				32C11AB127D8610700561F2B /* Sender.swift in Sources */,
				325C983A27DDA53C00B7F3A6 /* ClickerView.swift in Sources */,
				32C11A7027D7955000561F2B /* Buzzer_Pro_MaxApp.swift in Sources */,
				325C984127DDA85000B7F3A6 /* ClickerFlagMessage.swift in Sources */,
				32C11AAB27D85F9A00561F2B /* TriviaMessage.swift in Sources */,
				329F49C827D9083B004C2D84 /* GameState.swift in Sources */,
				329F49CD27D90C64004C2D84 /* Group+GroupData.swift in Sources */,
				329F49D027D91210004C2D84 /* GameManagerView.swift in Sources */,
				325C983327DC8E4900B7F3A6 /* UIApplication+KeyWindow.swift in Sources */,
				32C11AA027D83DD700561F2B /* FlagView.swift in Sources */,
				325C985627DDC76F00B7F3A6 /* CanvasView.swift in Sources */,
				325C984427DDAD2E00B7F3A6 /* BouncyYJView.swift in Sources */,
				32C11AAE27D860FD00561F2B /* iPadMessage.swift in Sources */,
				325C982027DC4F9800B7F3A6 /* HelloMessage.swift in Sources */,
				325C982527DC6D8300B7F3A6 /* MCConstants.swift in Sources */,
				329F49DA27D91E57004C2D84 /* CommandMessage.swift in Sources */,
			);
			runOnlyForDeploymentPostprocessing = 0;
		};
		32C11A6927D7955000561F2B /* Sources */ = {
			isa = PBXSourcesBuildPhase;
			buildActionMask = 2147483647;
			files = (
				325C982927DC72DB00B7F3A6 /* BuzzerManager+MCSessionDelegate.swift in Sources */,
				325C987127DEC46400B7F3A6 /* ClickerControlView.swift in Sources */,
				32C11AB227D8610700561F2B /* Sender.swift in Sources */,
				325C986A27DE812E00B7F3A6 /* ClickerView.swift in Sources */,
				325C985F27DE6EC400B7F3A6 /* TriviaQuestionView.swift in Sources */,
				329F49DE27D920AD004C2D84 /* CommandMessage.swift in Sources */,
				325C982627DC6D8700B7F3A6 /* MCConstants.swift in Sources */,
				325C986C27DEB49B00B7F3A6 /* Team.swift in Sources */,
				32C11AAC27D85F9A00561F2B /* TriviaMessage.swift in Sources */,
				329F49CE27D90CD5004C2D84 /* Group+GroupData.swift in Sources */,
				325C987A27DF062000B7F3A6 /* SketchesControlView.swift in Sources */,
				325C982D27DC7CBA00B7F3A6 /* BuzzerManager+Networking.swift in Sources */,
				329F49E827D9F507004C2D84 /* GameView.swift in Sources */,
				325C985827DE4E8D00B7F3A6 /* CentralControlView.swift in Sources */,
				325C983727DCB47400B7F3A6 /* GroupScore.swift in Sources */,
				325C986527DE720B00B7F3A6 /* TriviaManagerView.swift in Sources */,
				325C987427DF014A00B7F3A6 /* SketchMessage.swift in Sources */,
				329F49CB27D90C44004C2D84 /* Group.swift in Sources */,
				32C11A8027D79B4D00561F2B /* AdminPanelView.swift in Sources */,
				329F49DF27D920E9004C2D84 /* GameState.swift in Sources */,
				325C986327DE6F3000B7F3A6 /* TimerView.swift in Sources */,
				325C984227DDA85000B7F3A6 /* ClickerFlagMessage.swift in Sources */,
				325C982127DC4FBD00B7F3A6 /* HelloMessage.swift in Sources */,
				325C987C27DF062600B7F3A6 /* BriefingControlView.swift in Sources */,
				329F49DD27D920A5004C2D84 /* Messagable+CodableUtils.swift in Sources */,
				32C11A9C27D7A4D600561F2B /* Buzzer_Pro_MaxApp.swift in Sources */,
				32C11AAF27D860FD00561F2B /* iPadMessage.swift in Sources */,
				325C987827DF022800B7F3A6 /* SketchGuessMessage.swift in Sources */,
				325C985A27DE4E9E00B7F3A6 /* GameControlView.swift in Sources */,
				325C981E27DC4EEA00B7F3A6 /* BuzzerManager.swift in Sources */,
				329F49E627D9F4B6004C2D84 /* LeaderboardView.swift in Sources */,
				32C11AA527D8564700561F2B /* Messagable.swift in Sources */,
				32C11A8627D7A10800561F2B /* TriviaQuestion.swift in Sources */,
				325C982B27DC742600B7F3A6 /* BuzzerManager+MCNearbyServiceAdvertiserDelegate.swift in Sources */,
				325C986F27DEC43000B7F3A6 /* TriviaControlView.swift in Sources */,
				32C11A9F27D83B5800561F2B /* FlagView.swift in Sources */,
				325C985D27DE51E900B7F3A6 /* CentralControlPointsView.swift in Sources */,
			);
			runOnlyForDeploymentPostprocessing = 0;
		};
/* End PBXSourcesBuildPhase section */

/* Begin XCBuildConfiguration section */
		32C11A7627D7955000561F2B /* Debug */ = {
			isa = XCBuildConfiguration;
			buildSettings = {
				ALWAYS_SEARCH_USER_PATHS = NO;
				CLANG_ANALYZER_NONNULL = YES;
				CLANG_ANALYZER_NUMBER_OBJECT_CONVERSION = YES_AGGRESSIVE;
				CLANG_CXX_LANGUAGE_STANDARD = "gnu++17";
				CLANG_ENABLE_MODULES = YES;
				CLANG_ENABLE_OBJC_ARC = YES;
				CLANG_ENABLE_OBJC_WEAK = YES;
				CLANG_WARN_BLOCK_CAPTURE_AUTORELEASING = YES;
				CLANG_WARN_BOOL_CONVERSION = YES;
				CLANG_WARN_COMMA = YES;
				CLANG_WARN_CONSTANT_CONVERSION = YES;
				CLANG_WARN_DEPRECATED_OBJC_IMPLEMENTATIONS = YES;
				CLANG_WARN_DIRECT_OBJC_ISA_USAGE = YES_ERROR;
				CLANG_WARN_DOCUMENTATION_COMMENTS = YES;
				CLANG_WARN_EMPTY_BODY = YES;
				CLANG_WARN_ENUM_CONVERSION = YES;
				CLANG_WARN_INFINITE_RECURSION = YES;
				CLANG_WARN_INT_CONVERSION = YES;
				CLANG_WARN_NON_LITERAL_NULL_CONVERSION = YES;
				CLANG_WARN_OBJC_IMPLICIT_RETAIN_SELF = YES;
				CLANG_WARN_OBJC_LITERAL_CONVERSION = YES;
				CLANG_WARN_OBJC_ROOT_CLASS = YES_ERROR;
				CLANG_WARN_QUOTED_INCLUDE_IN_FRAMEWORK_HEADER = YES;
				CLANG_WARN_RANGE_LOOP_ANALYSIS = YES;
				CLANG_WARN_STRICT_PROTOTYPES = YES;
				CLANG_WARN_SUSPICIOUS_MOVE = YES;
				CLANG_WARN_UNGUARDED_AVAILABILITY = YES_AGGRESSIVE;
				CLANG_WARN_UNREACHABLE_CODE = YES;
				CLANG_WARN__DUPLICATE_METHOD_MATCH = YES;
				COPY_PHASE_STRIP = NO;
				DEBUG_INFORMATION_FORMAT = dwarf;
				ENABLE_STRICT_OBJC_MSGSEND = YES;
				ENABLE_TESTABILITY = YES;
				GCC_C_LANGUAGE_STANDARD = gnu11;
				GCC_DYNAMIC_NO_PIC = NO;
				GCC_NO_COMMON_BLOCKS = YES;
				GCC_OPTIMIZATION_LEVEL = 0;
				GCC_PREPROCESSOR_DEFINITIONS = (
					"DEBUG=1",
					"$(inherited)",
				);
				GCC_WARN_64_TO_32_BIT_CONVERSION = YES;
				GCC_WARN_ABOUT_RETURN_TYPE = YES_ERROR;
				GCC_WARN_UNDECLARED_SELECTOR = YES;
				GCC_WARN_UNINITIALIZED_AUTOS = YES_AGGRESSIVE;
				GCC_WARN_UNUSED_FUNCTION = YES;
				GCC_WARN_UNUSED_VARIABLE = YES;
				MTL_ENABLE_DEBUG_INFO = INCLUDE_SOURCE;
				MTL_FAST_MATH = YES;
				ONLY_ACTIVE_ARCH = YES;
				SWIFT_ACTIVE_COMPILATION_CONDITIONS = DEBUG;
				SWIFT_OPTIMIZATION_LEVEL = "-Onone";
			};
			name = Debug;
		};
		32C11A7727D7955000561F2B /* Release */ = {
			isa = XCBuildConfiguration;
			buildSettings = {
				ALWAYS_SEARCH_USER_PATHS = NO;
				CLANG_ANALYZER_NONNULL = YES;
				CLANG_ANALYZER_NUMBER_OBJECT_CONVERSION = YES_AGGRESSIVE;
				CLANG_CXX_LANGUAGE_STANDARD = "gnu++17";
				CLANG_ENABLE_MODULES = YES;
				CLANG_ENABLE_OBJC_ARC = YES;
				CLANG_ENABLE_OBJC_WEAK = YES;
				CLANG_WARN_BLOCK_CAPTURE_AUTORELEASING = YES;
				CLANG_WARN_BOOL_CONVERSION = YES;
				CLANG_WARN_COMMA = YES;
				CLANG_WARN_CONSTANT_CONVERSION = YES;
				CLANG_WARN_DEPRECATED_OBJC_IMPLEMENTATIONS = YES;
				CLANG_WARN_DIRECT_OBJC_ISA_USAGE = YES_ERROR;
				CLANG_WARN_DOCUMENTATION_COMMENTS = YES;
				CLANG_WARN_EMPTY_BODY = YES;
				CLANG_WARN_ENUM_CONVERSION = YES;
				CLANG_WARN_INFINITE_RECURSION = YES;
				CLANG_WARN_INT_CONVERSION = YES;
				CLANG_WARN_NON_LITERAL_NULL_CONVERSION = YES;
				CLANG_WARN_OBJC_IMPLICIT_RETAIN_SELF = YES;
				CLANG_WARN_OBJC_LITERAL_CONVERSION = YES;
				CLANG_WARN_OBJC_ROOT_CLASS = YES_ERROR;
				CLANG_WARN_QUOTED_INCLUDE_IN_FRAMEWORK_HEADER = YES;
				CLANG_WARN_RANGE_LOOP_ANALYSIS = YES;
				CLANG_WARN_STRICT_PROTOTYPES = YES;
				CLANG_WARN_SUSPICIOUS_MOVE = YES;
				CLANG_WARN_UNGUARDED_AVAILABILITY = YES_AGGRESSIVE;
				CLANG_WARN_UNREACHABLE_CODE = YES;
				CLANG_WARN__DUPLICATE_METHOD_MATCH = YES;
				COPY_PHASE_STRIP = NO;
				DEBUG_INFORMATION_FORMAT = "dwarf-with-dsym";
				ENABLE_NS_ASSERTIONS = NO;
				ENABLE_STRICT_OBJC_MSGSEND = YES;
				GCC_C_LANGUAGE_STANDARD = gnu11;
				GCC_NO_COMMON_BLOCKS = YES;
				GCC_WARN_64_TO_32_BIT_CONVERSION = YES;
				GCC_WARN_ABOUT_RETURN_TYPE = YES_ERROR;
				GCC_WARN_UNDECLARED_SELECTOR = YES;
				GCC_WARN_UNINITIALIZED_AUTOS = YES_AGGRESSIVE;
				GCC_WARN_UNUSED_FUNCTION = YES;
				GCC_WARN_UNUSED_VARIABLE = YES;
				MTL_ENABLE_DEBUG_INFO = NO;
				MTL_FAST_MATH = YES;
				SWIFT_COMPILATION_MODE = wholemodule;
				SWIFT_OPTIMIZATION_LEVEL = "-O";
			};
			name = Release;
		};
		32C11A7927D7955000561F2B /* Debug */ = {
			isa = XCBuildConfiguration;
			buildSettings = {
				ASSETCATALOG_COMPILER_APPICON_NAME = AppIcon;
				ASSETCATALOG_COMPILER_GLOBAL_ACCENT_COLOR_NAME = AccentColor;
				CODE_SIGN_ENTITLEMENTS = "Buzzer Pro Max (iOS).entitlements";
				CODE_SIGN_STYLE = Automatic;
				CURRENT_PROJECT_VERSION = 1;
				DEVELOPMENT_TEAM = XL5JK4F896;
				ENABLE_PREVIEWS = YES;
				GENERATE_INFOPLIST_FILE = YES;
				INFOPLIST_FILE = "Buzzer-Pro-Max-iOS-Info.plist";
				INFOPLIST_KEY_UIApplicationSupportsIndirectInputEvents = YES;
				INFOPLIST_KEY_UILaunchScreen_Generation = YES;
				INFOPLIST_KEY_UIRequiresFullScreen = YES;
				INFOPLIST_KEY_UISupportedInterfaceOrientations_iPad = "UIInterfaceOrientationLandscapeLeft UIInterfaceOrientationLandscapeRight";
				INFOPLIST_KEY_UISupportedInterfaceOrientations_iPhone = "UIInterfaceOrientationPortrait UIInterfaceOrientationLandscapeLeft UIInterfaceOrientationLandscapeRight";
				INFOPLIST_KEY_UIUserInterfaceStyle = Light;
				IPHONEOS_DEPLOYMENT_TARGET = 15.0;
				LD_RUNPATH_SEARCH_PATHS = (
					"$(inherited)",
					"@executable_path/Frameworks",
				);
				MARKETING_VERSION = 1.0;
				PRODUCT_BUNDLE_IDENTIFIER = "sg.tk.Buzzer-Pro-Max";
				PRODUCT_NAME = "Buzzer Pro Max";
				SDKROOT = iphoneos;
				SWIFT_EMIT_LOC_STRINGS = YES;
				SWIFT_VERSION = 5.0;
				TARGETED_DEVICE_FAMILY = 2;
			};
			name = Debug;
		};
		32C11A7A27D7955000561F2B /* Release */ = {
			isa = XCBuildConfiguration;
			buildSettings = {
				ASSETCATALOG_COMPILER_APPICON_NAME = AppIcon;
				ASSETCATALOG_COMPILER_GLOBAL_ACCENT_COLOR_NAME = AccentColor;
				CODE_SIGN_ENTITLEMENTS = "Buzzer Pro Max (iOS).entitlements";
				CODE_SIGN_STYLE = Automatic;
				CURRENT_PROJECT_VERSION = 1;
				DEVELOPMENT_TEAM = XL5JK4F896;
				ENABLE_PREVIEWS = YES;
				GENERATE_INFOPLIST_FILE = YES;
				INFOPLIST_FILE = "Buzzer-Pro-Max-iOS-Info.plist";
				INFOPLIST_KEY_UIApplicationSupportsIndirectInputEvents = YES;
				INFOPLIST_KEY_UILaunchScreen_Generation = YES;
				INFOPLIST_KEY_UIRequiresFullScreen = YES;
				INFOPLIST_KEY_UISupportedInterfaceOrientations_iPad = "UIInterfaceOrientationLandscapeLeft UIInterfaceOrientationLandscapeRight";
				INFOPLIST_KEY_UISupportedInterfaceOrientations_iPhone = "UIInterfaceOrientationPortrait UIInterfaceOrientationLandscapeLeft UIInterfaceOrientationLandscapeRight";
				INFOPLIST_KEY_UIUserInterfaceStyle = Light;
				IPHONEOS_DEPLOYMENT_TARGET = 15.0;
				LD_RUNPATH_SEARCH_PATHS = (
					"$(inherited)",
					"@executable_path/Frameworks",
				);
				MARKETING_VERSION = 1.0;
				PRODUCT_BUNDLE_IDENTIFIER = "sg.tk.Buzzer-Pro-Max";
				PRODUCT_NAME = "Buzzer Pro Max";
				SDKROOT = iphoneos;
				SWIFT_EMIT_LOC_STRINGS = YES;
				SWIFT_VERSION = 5.0;
				TARGETED_DEVICE_FAMILY = 2;
				VALIDATE_PRODUCT = YES;
			};
			name = Release;
		};
		32C11A7C27D7955000561F2B /* Debug */ = {
			isa = XCBuildConfiguration;
			buildSettings = {
				ASSETCATALOG_COMPILER_APPICON_NAME = AppIcon;
				ASSETCATALOG_COMPILER_GLOBAL_ACCENT_COLOR_NAME = AccentColor;
				CODE_SIGN_ENTITLEMENTS = macOS/macOS.entitlements;
				CODE_SIGN_STYLE = Automatic;
				COMBINE_HIDPI_IMAGES = YES;
				CURRENT_PROJECT_VERSION = 1;
				DEVELOPMENT_TEAM = XL5JK4F896;
				ENABLE_HARDENED_RUNTIME = YES;
				ENABLE_PREVIEWS = YES;
				GENERATE_INFOPLIST_FILE = YES;
				INFOPLIST_FILE = "Buzzer-Pro-Max-macOS-Info.plist";
				INFOPLIST_KEY_NSHumanReadableCopyright = "";
				LD_RUNPATH_SEARCH_PATHS = (
					"$(inherited)",
					"@executable_path/../Frameworks",
				);
				MACOSX_DEPLOYMENT_TARGET = 12.0;
				MARKETING_VERSION = 1.0;
				PRODUCT_BUNDLE_IDENTIFIER = "sg.tk.Buzzer-Pro-Max";
				PRODUCT_NAME = "Buzzer Pro Max";
				SDKROOT = macosx;
				SWIFT_EMIT_LOC_STRINGS = YES;
				SWIFT_VERSION = 5.0;
			};
			name = Debug;
		};
		32C11A7D27D7955000561F2B /* Release */ = {
			isa = XCBuildConfiguration;
			buildSettings = {
				ASSETCATALOG_COMPILER_APPICON_NAME = AppIcon;
				ASSETCATALOG_COMPILER_GLOBAL_ACCENT_COLOR_NAME = AccentColor;
				CODE_SIGN_ENTITLEMENTS = macOS/macOS.entitlements;
				CODE_SIGN_STYLE = Automatic;
				COMBINE_HIDPI_IMAGES = YES;
				CURRENT_PROJECT_VERSION = 1;
				DEVELOPMENT_TEAM = XL5JK4F896;
				ENABLE_HARDENED_RUNTIME = YES;
				ENABLE_PREVIEWS = YES;
				GENERATE_INFOPLIST_FILE = YES;
				INFOPLIST_FILE = "Buzzer-Pro-Max-macOS-Info.plist";
				INFOPLIST_KEY_NSHumanReadableCopyright = "";
				LD_RUNPATH_SEARCH_PATHS = (
					"$(inherited)",
					"@executable_path/../Frameworks",
				);
				MACOSX_DEPLOYMENT_TARGET = 12.0;
				MARKETING_VERSION = 1.0;
				PRODUCT_BUNDLE_IDENTIFIER = "sg.tk.Buzzer-Pro-Max";
				PRODUCT_NAME = "Buzzer Pro Max";
				SDKROOT = macosx;
				SWIFT_EMIT_LOC_STRINGS = YES;
				SWIFT_VERSION = 5.0;
			};
			name = Release;
		};
/* End XCBuildConfiguration section */

/* Begin XCConfigurationList section */
		32C11A5E27D7954F00561F2B /* Build configuration list for PBXProject "Buzzer Pro Max" */ = {
			isa = XCConfigurationList;
			buildConfigurations = (
				32C11A7627D7955000561F2B /* Debug */,
				32C11A7727D7955000561F2B /* Release */,
			);
			defaultConfigurationIsVisible = 0;
			defaultConfigurationName = Release;
		};
		32C11A7827D7955000561F2B /* Build configuration list for PBXNativeTarget "Buzzer Pro Max (iOS)" */ = {
			isa = XCConfigurationList;
			buildConfigurations = (
				32C11A7927D7955000561F2B /* Debug */,
				32C11A7A27D7955000561F2B /* Release */,
			);
			defaultConfigurationIsVisible = 0;
			defaultConfigurationName = Release;
		};
		32C11A7B27D7955000561F2B /* Build configuration list for PBXNativeTarget "Buzzer Pro Max (macOS)" */ = {
			isa = XCConfigurationList;
			buildConfigurations = (
				32C11A7C27D7955000561F2B /* Debug */,
				32C11A7D27D7955000561F2B /* Release */,
			);
			defaultConfigurationIsVisible = 0;
			defaultConfigurationName = Release;
		};
/* End XCConfigurationList section */
	};
	rootObject = 32C11A5B27D7954F00561F2B /* Project object */;
}
